
Microsoft Visual Studio Solution File, Format Version 12.00
# Visual Studio Version 17
VisualStudioVersion = 17.4.33213.308
MinimumVisualStudioVersion = 10.0.40219.1
Project("{9A19103F-16F7-4668-BE54-9A1E7A4F7556}") = "MovieData.Api", "movieData.Api\MovieData.Api.csproj", "{3733975C-8DF5-4EF2-BDAF-819565EB55EB}"
EndProject
Project("{9A19103F-16F7-4668-BE54-9A1E7A4F7556}") = "MovieTracker.Web", "MovieTracker.Web\MovieTracker.Web.csproj", "{40453EAC-773A-498D-9E30-33A79703F103}"
EndProject
Project("{2150E333-8FDC-42A3-9474-1A3956D46DE8}") = "microservices", "microservices", "{9E733B13-2D53-4352-B267-123F9E7F3991}"
EndProject
Project("{2150E333-8FDC-42A3-9474-1A3956D46DE8}") = "auth_service", "auth_service", "{6750B4CC-15DC-4629-8D10-2AE2DAE8B41C}"
EndProject
Project("{2150E333-8FDC-42A3-9474-1A3956D46DE8}") = "movie_data_service", "movie_data_service", "{06BFA7BC-B9C0-43C6-8D24-652F8F11D9B9}"
EndProject
Project("{2150E333-8FDC-42A3-9474-1A3956D46DE8}") = "ui", "ui", "{54A134E2-1DCC-4D73-8D86-15DF88054989}"
EndProject
Project("{2150E333-8FDC-42A3-9474-1A3956D46DE8}") = "shared", "shared", "{E1AF877B-113B-4FB0-B64C-B1CF508C988C}"
EndProject
Project("{9A19103F-16F7-4668-BE54-9A1E7A4F7556}") = "MovieTracker.Models", "MovieTracker.Models\MovieTracker.Models.csproj", "{21AD5ABF-D631-4000-AF07-6D541D943A12}"
EndProject
Project("{2150E333-8FDC-42A3-9474-1A3956D46DE8}") = "user_managment_service", "user_managment_service", "{12547F81-66AD-429C-9E79-E704C4263478}"
EndProject
Project("{9A19103F-16F7-4668-BE54-9A1E7A4F7556}") = "UserManagment.Api", "UserManagment.Api\UserManagment.Api.csproj", "{258790A5-37E5-4045-B64E-551079C215C9}"
EndProject
Project("{9A19103F-16F7-4668-BE54-9A1E7A4F7556}") = "Auth.Api", "Auth.Api\Auth.Api.csproj", "{01C88040-F2DF-499E-B8E0-D002AC037F92}"
EndProject
Project("{9A19103F-16F7-4668-BE54-9A1E7A4F7556}") = "Auth.Models", "Auth.Models\Auth.Models.csproj", "{290803CC-657B-4B7E-AA47-648F1DA3E8BD}"
EndProject
Project("{2150E333-8FDC-42A3-9474-1A3956D46DE8}") = "UserMoviesData.Api", "UserMoviesData.Api", "{3DD36D7D-C294-45AD-8A1B-EA33BB726978}"
EndProject
Project("{9A19103F-16F7-4668-BE54-9A1E7A4F7556}") = "UserMoviesData.Api", "UserMoviesData.Api\UserMoviesData.Api\UserMoviesData.Api.csproj", "{8715A046-79C2-4F04-87B4-1FA05ECB9CCA}"
EndProject
Project("{2150E333-8FDC-42A3-9474-1A3956D46DE8}") = "auth_gateway", "auth_gateway", "{17769420-56C9-44F1-9CA2-5D85B9E73A8B}"
EndProject
Project("{9A19103F-16F7-4668-BE54-9A1E7A4F7556}") = "AuthGateway.Api", "AuthGateway.Api\AuthGateway.Api.csproj", "{6CE48A7C-7447-48E4-9546-B6BDF1366F46}"
EndProject
Project("{9A19103F-16F7-4668-BE54-9A1E7A4F7556}") = "UserMoviesGrpcService", "UserMoviesGrpcService\UserMoviesGrpcService.csproj", "{BFD04D2A-A0FD-443A-B315-33430441DFDD}"
EndProject
Project("{2150E333-8FDC-42A3-9474-1A3956D46DE8}") = "tests", "tests", "{FA6261A9-923F-4056-AEE5-453EB861E685}"
EndProject
Project("{FAE04EC0-301F-11D3-BF4B-00C04F79EFBC}") = "MovieData.Api.Tests.Integration", "MovieData.Api.Tests.Integration\MovieData.Api.Tests.Integration.csproj", "{D1FC7C8B-B053-49CD-9062-D2410E989C50}"
EndProject
Project("{FAE04EC0-301F-11D3-BF4B-00C04F79EFBC}") = "UserManagment.Api.Tests", "UserManagment.Api.Tests\UserManagment.Api.Tests.csproj", "{F6018278-B365-4DD6-AB11-49B510679543}"
EndProject
Global
	GlobalSection(SolutionConfigurationPlatforms) = preSolution
		Debug|Any CPU = Debug|Any CPU
		Release|Any CPU = Release|Any CPU
	EndGlobalSection
	GlobalSection(ProjectConfigurationPlatforms) = postSolution
		{3733975C-8DF5-4EF2-BDAF-819565EB55EB}.Debug|Any CPU.ActiveCfg = Debug|Any CPU
		{3733975C-8DF5-4EF2-BDAF-819565EB55EB}.Debug|Any CPU.Build.0 = Debug|Any CPU
		{3733975C-8DF5-4EF2-BDAF-819565EB55EB}.Release|Any CPU.ActiveCfg = Release|Any CPU
		{3733975C-8DF5-4EF2-BDAF-819565EB55EB}.Release|Any CPU.Build.0 = Release|Any CPU
		{40453EAC-773A-498D-9E30-33A79703F103}.Debug|Any CPU.ActiveCfg = Debug|Any CPU
		{40453EAC-773A-498D-9E30-33A79703F103}.Debug|Any CPU.Build.0 = Debug|Any CPU
		{40453EAC-773A-498D-9E30-33A79703F103}.Release|Any CPU.ActiveCfg = Release|Any CPU
		{40453EAC-773A-498D-9E30-33A79703F103}.Release|Any CPU.Build.0 = Release|Any CPU
		{21AD5ABF-D631-4000-AF07-6D541D943A12}.Debug|Any CPU.ActiveCfg = Debug|Any CPU
		{21AD5ABF-D631-4000-AF07-6D541D943A12}.Debug|Any CPU.Build.0 = Debug|Any CPU
		{21AD5ABF-D631-4000-AF07-6D541D943A12}.Release|Any CPU.ActiveCfg = Release|Any CPU
		{21AD5ABF-D631-4000-AF07-6D541D943A12}.Release|Any CPU.Build.0 = Release|Any CPU
		{258790A5-37E5-4045-B64E-551079C215C9}.Debug|Any CPU.ActiveCfg = Debug|Any CPU
		{258790A5-37E5-4045-B64E-551079C215C9}.Debug|Any CPU.Build.0 = Debug|Any CPU
		{258790A5-37E5-4045-B64E-551079C215C9}.Release|Any CPU.ActiveCfg = Release|Any CPU
		{258790A5-37E5-4045-B64E-551079C215C9}.Release|Any CPU.Build.0 = Release|Any CPU
		{01C88040-F2DF-499E-B8E0-D002AC037F92}.Debug|Any CPU.ActiveCfg = Debug|Any CPU
		{01C88040-F2DF-499E-B8E0-D002AC037F92}.Debug|Any CPU.Build.0 = Debug|Any CPU
		{01C88040-F2DF-499E-B8E0-D002AC037F92}.Release|Any CPU.ActiveCfg = Release|Any CPU
		{01C88040-F2DF-499E-B8E0-D002AC037F92}.Release|Any CPU.Build.0 = Release|Any CPU
		{290803CC-657B-4B7E-AA47-648F1DA3E8BD}.Debug|Any CPU.ActiveCfg = Debug|Any CPU
		{290803CC-657B-4B7E-AA47-648F1DA3E8BD}.Debug|Any CPU.Build.0 = Debug|Any CPU
		{290803CC-657B-4B7E-AA47-648F1DA3E8BD}.Release|Any CPU.ActiveCfg = Release|Any CPU
		{290803CC-657B-4B7E-AA47-648F1DA3E8BD}.Release|Any CPU.Build.0 = Release|Any CPU
		{8715A046-79C2-4F04-87B4-1FA05ECB9CCA}.Debug|Any CPU.ActiveCfg = Debug|Any CPU
		{8715A046-79C2-4F04-87B4-1FA05ECB9CCA}.Debug|Any CPU.Build.0 = Debug|Any CPU
		{8715A046-79C2-4F04-87B4-1FA05ECB9CCA}.Release|Any CPU.ActiveCfg = Release|Any CPU
		{8715A046-79C2-4F04-87B4-1FA05ECB9CCA}.Release|Any CPU.Build.0 = Release|Any CPU
		{6CE48A7C-7447-48E4-9546-B6BDF1366F46}.Debug|Any CPU.ActiveCfg = Debug|Any CPU
		{6CE48A7C-7447-48E4-9546-B6BDF1366F46}.Debug|Any CPU.Build.0 = Debug|Any CPU
		{6CE48A7C-7447-48E4-9546-B6BDF1366F46}.Release|Any CPU.ActiveCfg = Release|Any CPU
		{6CE48A7C-7447-48E4-9546-B6BDF1366F46}.Release|Any CPU.Build.0 = Release|Any CPU
		{BFD04D2A-A0FD-443A-B315-33430441DFDD}.Debug|Any CPU.ActiveCfg = Debug|Any CPU
		{BFD04D2A-A0FD-443A-B315-33430441DFDD}.Debug|Any CPU.Build.0 = Debug|Any CPU
		{BFD04D2A-A0FD-443A-B315-33430441DFDD}.Release|Any CPU.ActiveCfg = Release|Any CPU
		{BFD04D2A-A0FD-443A-B315-33430441DFDD}.Release|Any CPU.Build.0 = Release|Any CPU
		{D1FC7C8B-B053-49CD-9062-D2410E989C50}.Debug|Any CPU.ActiveCfg = Debug|Any CPU
		{D1FC7C8B-B053-49CD-9062-D2410E989C50}.Debug|Any CPU.Build.0 = Debug|Any CPU
		{D1FC7C8B-B053-49CD-9062-D2410E989C50}.Release|Any CPU.ActiveCfg = Release|Any CPU
		{D1FC7C8B-B053-49CD-9062-D2410E989C50}.Release|Any CPU.Build.0 = Release|Any CPU
		{F6018278-B365-4DD6-AB11-49B510679543}.Debug|Any CPU.ActiveCfg = Debug|Any CPU
		{F6018278-B365-4DD6-AB11-49B510679543}.Debug|Any CPU.Build.0 = Debug|Any CPU
		{F6018278-B365-4DD6-AB11-49B510679543}.Release|Any CPU.ActiveCfg = Release|Any CPU
		{F6018278-B365-4DD6-AB11-49B510679543}.Release|Any CPU.Build.0 = Release|Any CPU
	EndGlobalSection
	GlobalSection(SolutionProperties) = preSolution
		HideSolutionNode = FALSE
	EndGlobalSection
	GlobalSection(NestedProjects) = preSolution
		{3733975C-8DF5-4EF2-BDAF-819565EB55EB} = {06BFA7BC-B9C0-43C6-8D24-652F8F11D9B9}
		{40453EAC-773A-498D-9E30-33A79703F103} = {54A134E2-1DCC-4D73-8D86-15DF88054989}
		{6750B4CC-15DC-4629-8D10-2AE2DAE8B41C} = {9E733B13-2D53-4352-B267-123F9E7F3991}
		{06BFA7BC-B9C0-43C6-8D24-652F8F11D9B9} = {9E733B13-2D53-4352-B267-123F9E7F3991}
		{21AD5ABF-D631-4000-AF07-6D541D943A12} = {E1AF877B-113B-4FB0-B64C-B1CF508C988C}
		{12547F81-66AD-429C-9E79-E704C4263478} = {9E733B13-2D53-4352-B267-123F9E7F3991}
		{258790A5-37E5-4045-B64E-551079C215C9} = {12547F81-66AD-429C-9E79-E704C4263478}
		{01C88040-F2DF-499E-B8E0-D002AC037F92} = {6750B4CC-15DC-4629-8D10-2AE2DAE8B41C}
		{290803CC-657B-4B7E-AA47-648F1DA3E8BD} = {E1AF877B-113B-4FB0-B64C-B1CF508C988C}
		{3DD36D7D-C294-45AD-8A1B-EA33BB726978} = {9E733B13-2D53-4352-B267-123F9E7F3991}
		{8715A046-79C2-4F04-87B4-1FA05ECB9CCA} = {3DD36D7D-C294-45AD-8A1B-EA33BB726978}
		{17769420-56C9-44F1-9CA2-5D85B9E73A8B} = {9E733B13-2D53-4352-B267-123F9E7F3991}
		{6CE48A7C-7447-48E4-9546-B6BDF1366F46} = {17769420-56C9-44F1-9CA2-5D85B9E73A8B}
		{BFD04D2A-A0FD-443A-B315-33430441DFDD} = {9E733B13-2D53-4352-B267-123F9E7F3991}
		{D1FC7C8B-B053-49CD-9062-D2410E989C50} = {FA6261A9-923F-4056-AEE5-453EB861E685}
		{F6018278-B365-4DD6-AB11-49B510679543} = {FA6261A9-923F-4056-AEE5-453EB861E685}
	EndGlobalSection
	GlobalSection(ExtensibilityGlobals) = postSolution
		SolutionGuid = {9DB87C1D-C913-4BBC-B87B-352551A62E82}
	EndGlobalSection
EndGlobal
